
Microsoft Visual Studio Solution File, Format Version 12.00
# Visual Studio 15
VisualStudioVersion = 15.0.28307.329
MinimumVisualStudioVersion = 10.0.40219.1
Project("{9A19103F-16F7-4668-BE54-9A1E7A4F7556}") = "Crud", "Crud\Crud.csproj", "{C725A6B0-D109-4ED6-8A10-C77BC1CA0934}"
EndProject
Global
	GlobalSection(SolutionConfigurationPlatforms) = preSolution
		Debug|Any CPU = Debug|Any CPU
		Release|Any CPU = Release|Any CPU
	EndGlobalSection
	GlobalSection(ProjectConfigurationPlatforms) = postSolution
		{C725A6B0-D109-4ED6-8A10-C77BC1CA0934}.Debug|Any CPU.ActiveCfg = Debug|Any CPU
		{C725A6B0-D109-4ED6-8A10-C77BC1CA0934}.Debug|Any CPU.Build.0 = Debug|Any CPU
		{C725A6B0-D109-4ED6-8A10-C77BC1CA0934}.Release|Any CPU.ActiveCfg = Release|Any CPU
		{C725A6B0-D109-4ED6-8A10-C77BC1CA0934}.Release|Any CPU.Build.0 = Release|Any CPU
	EndGlobalSection
	GlobalSection(SolutionProperties) = preSolution
		HideSolutionNode = FALSE
	EndGlobalSection
	GlobalSection(ExtensibilityGlobals) = postSolution
		SolutionGuid = {8B94D019-D127-4F6F-A9F1-2D5D53F5A82B}
	EndGlobalSection
EndGlobal
